
Microsoft Visual Studio Solution File, Format Version 12.00
# Visual Studio Version 16
VisualStudioVersion = 16.0.30804.86
MinimumVisualStudioVersion = 10.0.40219.1
Project("{9A19103F-16F7-4668-BE54-9A1E7A4F7556}") = "OOP1", "OOP1\OOP1.csproj", "{6FA66A74-D6A2-4567-AF8D-20E8AF3F23F2}"
EndProject
Project("{9A19103F-16F7-4668-BE54-9A1E7A4F7556}") = "Collections", "Collections\Collections.csproj", "{C1DEFD48-C20E-45EB-942A-988278B8D129}"
EndProject
Project("{9A19103F-16F7-4668-BE54-9A1E7A4F7556}") = "GenericsIntro", "GenericsIntro\GenericsIntro.csproj", "{10130C43-6531-45E7-B87D-4AD3EBC14172}"
EndProject
Project("{9A19103F-16F7-4668-BE54-9A1E7A4F7556}") = "DictionaryHw", "DictionaryHw\DictionaryHw.csproj", "{635AA4B9-9D36-4806-B160-46ADA336F08D}"
EndProject
Project("{FAE04EC0-301F-11D3-BF4B-00C04F79EFBC}") = "OOP2", "OOP2\OOP2.csproj", "{95B61003-B9ED-4A7A-A423-97CDE2FC1465}"
EndProject
Project("{FAE04EC0-301F-11D3-BF4B-00C04F79EFBC}") = "OOP3", "OOP3\OOP3.csproj", "{3E338917-A4EF-4ABC-A6CE-543BCBFEDD8D}"
EndProject
Global
	GlobalSection(SolutionConfigurationPlatforms) = preSolution
		Debug|Any CPU = Debug|Any CPU
		Release|Any CPU = Release|Any CPU
	EndGlobalSection
	GlobalSection(ProjectConfigurationPlatforms) = postSolution
		{6FA66A74-D6A2-4567-AF8D-20E8AF3F23F2}.Debug|Any CPU.ActiveCfg = Debug|Any CPU
		{6FA66A74-D6A2-4567-AF8D-20E8AF3F23F2}.Debug|Any CPU.Build.0 = Debug|Any CPU
		{6FA66A74-D6A2-4567-AF8D-20E8AF3F23F2}.Release|Any CPU.ActiveCfg = Release|Any CPU
		{6FA66A74-D6A2-4567-AF8D-20E8AF3F23F2}.Release|Any CPU.Build.0 = Release|Any CPU
		{C1DEFD48-C20E-45EB-942A-988278B8D129}.Debug|Any CPU.ActiveCfg = Debug|Any CPU
		{C1DEFD48-C20E-45EB-942A-988278B8D129}.Debug|Any CPU.Build.0 = Debug|Any CPU
		{C1DEFD48-C20E-45EB-942A-988278B8D129}.Release|Any CPU.ActiveCfg = Release|Any CPU
		{C1DEFD48-C20E-45EB-942A-988278B8D129}.Release|Any CPU.Build.0 = Release|Any CPU
		{10130C43-6531-45E7-B87D-4AD3EBC14172}.Debug|Any CPU.ActiveCfg = Debug|Any CPU
		{10130C43-6531-45E7-B87D-4AD3EBC14172}.Debug|Any CPU.Build.0 = Debug|Any CPU
		{10130C43-6531-45E7-B87D-4AD3EBC14172}.Release|Any CPU.ActiveCfg = Release|Any CPU
		{10130C43-6531-45E7-B87D-4AD3EBC14172}.Release|Any CPU.Build.0 = Release|Any CPU
		{635AA4B9-9D36-4806-B160-46ADA336F08D}.Debug|Any CPU.ActiveCfg = Debug|Any CPU
		{635AA4B9-9D36-4806-B160-46ADA336F08D}.Debug|Any CPU.Build.0 = Debug|Any CPU
		{635AA4B9-9D36-4806-B160-46ADA336F08D}.Release|Any CPU.ActiveCfg = Release|Any CPU
		{635AA4B9-9D36-4806-B160-46ADA336F08D}.Release|Any CPU.Build.0 = Release|Any CPU
		{95B61003-B9ED-4A7A-A423-97CDE2FC1465}.Debug|Any CPU.ActiveCfg = Debug|Any CPU
		{95B61003-B9ED-4A7A-A423-97CDE2FC1465}.Debug|Any CPU.Build.0 = Debug|Any CPU
		{95B61003-B9ED-4A7A-A423-97CDE2FC1465}.Release|Any CPU.ActiveCfg = Release|Any CPU
		{95B61003-B9ED-4A7A-A423-97CDE2FC1465}.Release|Any CPU.Build.0 = Release|Any CPU
		{3E338917-A4EF-4ABC-A6CE-543BCBFEDD8D}.Debug|Any CPU.ActiveCfg = Debug|Any CPU
		{3E338917-A4EF-4ABC-A6CE-543BCBFEDD8D}.Debug|Any CPU.Build.0 = Debug|Any CPU
		{3E338917-A4EF-4ABC-A6CE-543BCBFEDD8D}.Release|Any CPU.ActiveCfg = Release|Any CPU
		{3E338917-A4EF-4ABC-A6CE-543BCBFEDD8D}.Release|Any CPU.Build.0 = Release|Any CPU
	EndGlobalSection
	GlobalSection(SolutionProperties) = preSolution
		HideSolutionNode = FALSE
	EndGlobalSection
	GlobalSection(ExtensibilityGlobals) = postSolution
		SolutionGuid = {E908A034-7C0F-41D8-8E43-475CD983C99E}
	EndGlobalSection
EndGlobal
